// !$*UTF8*$!
{
	archiveVersion = 1;
	classes = {
	};
	objectVersion = 55;
	objects = {

/* Begin PBXBuildFile section */
		111EB46F2DC93D5200E41692 /* AttributeCell.swift in Sources */ = {isa = PBXBuildFile; fileRef = 111EB46E2DC93D5200E41692 /* AttributeCell.swift */; };
		115BC7D82DB6B3C300808E79 /* SceneDelegate.swift in Sources */ = {isa = PBXBuildFile; fileRef = 1168142E2DB6670400463355 /* SceneDelegate.swift */; };
		115BC7D92DB6B3CB00808E79 /* ImageDownloader.swift in Sources */ = {isa = PBXBuildFile; fileRef = 116814312DB6670400463355 /* ImageDownloader.swift */; };
		115BC7DA2DB6B3D200808E79 /* AppDelegate.swift in Sources */ = {isa = PBXBuildFile; fileRef = 116814302DB6670400463355 /* AppDelegate.swift */; };
		115BC7DF2DB6B43700808E79 /* CatCell.swift in Sources */ = {isa = PBXBuildFile; fileRef = 115BC7DE2DB6B43700808E79 /* CatCell.swift */; };
		115BC7E12DB6B45900808E79 /* CatListPresenter.swift in Sources */ = {isa = PBXBuildFile; fileRef = 115BC7E02DB6B45900808E79 /* CatListPresenter.swift */; };
		115BC7E32DB6B47600808E79 /* CatListViewController.swift in Sources */ = {isa = PBXBuildFile; fileRef = 115BC7E22DB6B47600808E79 /* CatListViewController.swift */; };
		115BC7E72DB6B4C300808E79 /* Cat.swift in Sources */ = {isa = PBXBuildFile; fileRef = 115BC7E62DB6B4C300808E79 /* Cat.swift */; };
		115BC7E92DB6B4DD00808E79 /* NetworkManager.swift in Sources */ = {isa = PBXBuildFile; fileRef = 115BC7E82DB6B4DD00808E79 /* NetworkManager.swift */; };
		115C24152DCA2B8B007ADFEA /* MainViewController.swift in Sources */ = {isa = PBXBuildFile; fileRef = 115C24142DCA2B8B007ADFEA /* MainViewController.swift */; };
		115C24192DCA4E5D007ADFEA /* .gitignore in Sources */ = {isa = PBXBuildFile; fileRef = 115C24182DCA4E5D007ADFEA /* .gitignore */; };
		115E81C82DC360DF00A02674 /* CatBreedDetailViewController.swift in Sources */ = {isa = PBXBuildFile; fileRef = 115E81C72DC360DF00A02674 /* CatBreedDetailViewController.swift */; };
		115E81CC2DC375D600A02674 /* FavoriteController.swift in Sources */ = {isa = PBXBuildFile; fileRef = 115E81CB2DC375D600A02674 /* FavoriteController.swift */; };
		1160556B2DF211CE001555FE /* AtributsModel.swift in Sources */ = {isa = PBXBuildFile; fileRef = 1160556A2DF211CE001555FE /* AtributsModel.swift */; };
		1160556D2DF2178E001555FE /* FavoritePresenter.swift in Sources */ = {isa = PBXBuildFile; fileRef = 1160556C2DF2178E001555FE /* FavoritePresenter.swift */; };
		1160556F2DF22847001555FE /* FavoriteManager.swift in Sources */ = {isa = PBXBuildFile; fileRef = 1160556E2DF22847001555FE /* FavoriteManager.swift */; };
		116814052DB6664000463355 /* Assets.xcassets in Resources */ = {isa = PBXBuildFile; fileRef = 116814042DB6664000463355 /* Assets.xcassets */; };
		116814082DB6664000463355 /* Main.storyboard in Resources */ = {isa = PBXBuildFile; fileRef = 116814062DB6664000463355 /* Main.storyboard */; };
		116814132DB6664100463355 /* CatsAPITests.swift in Sources */ = {isa = PBXBuildFile; fileRef = 116814122DB6664100463355 /* CatsAPITests.swift */; };
		1168141D2DB6664100463355 /* CatsAPIUITests.swift in Sources */ = {isa = PBXBuildFile; fileRef = 1168141C2DB6664100463355 /* CatsAPIUITests.swift */; };
		1168141F2DB6664100463355 /* CatsAPIUITestsLaunchTests.swift in Sources */ = {isa = PBXBuildFile; fileRef = 1168141E2DB6664100463355 /* CatsAPIUITestsLaunchTests.swift */; };
/* End PBXBuildFile section */

/* Begin PBXContainerItemProxy section */
		1168140F2DB6664100463355 /* PBXContainerItemProxy */ = {
			isa = PBXContainerItemProxy;
			containerPortal = 116813F02DB6663F00463355 /* Project object */;
			proxyType = 1;
			remoteGlobalIDString = 116813F72DB6663F00463355;
			remoteInfo = CatsAPI;
		};
		116814192DB6664100463355 /* PBXContainerItemProxy */ = {
			isa = PBXContainerItemProxy;
			containerPortal = 116813F02DB6663F00463355 /* Project object */;
			proxyType = 1;
			remoteGlobalIDString = 116813F72DB6663F00463355;
			remoteInfo = CatsAPI;
		};
/* End PBXContainerItemProxy section */

/* Begin PBXFileReference section */
		111EB46E2DC93D5200E41692 /* AttributeCell.swift */ = {isa = PBXFileReference; lastKnownFileType = sourcecode.swift; path = AttributeCell.swift; sourceTree = "<group>"; };
		115BC7DE2DB6B43700808E79 /* CatCell.swift */ = {isa = PBXFileReference; lastKnownFileType = sourcecode.swift; path = CatCell.swift; sourceTree = "<group>"; };
		115BC7E02DB6B45900808E79 /* CatListPresenter.swift */ = {isa = PBXFileReference; lastKnownFileType = sourcecode.swift; path = CatListPresenter.swift; sourceTree = "<group>"; };
		115BC7E22DB6B47600808E79 /* CatListViewController.swift */ = {isa = PBXFileReference; lastKnownFileType = sourcecode.swift; path = CatListViewController.swift; sourceTree = "<group>"; };
		115BC7E62DB6B4C300808E79 /* Cat.swift */ = {isa = PBXFileReference; lastKnownFileType = sourcecode.swift; path = Cat.swift; sourceTree = "<group>"; };
		115BC7E82DB6B4DD00808E79 /* NetworkManager.swift */ = {isa = PBXFileReference; lastKnownFileType = sourcecode.swift; path = NetworkManager.swift; sourceTree = "<group>"; };
		115C24142DCA2B8B007ADFEA /* MainViewController.swift */ = {isa = PBXFileReference; lastKnownFileType = sourcecode.swift; path = MainViewController.swift; sourceTree = "<group>"; };
		115C24182DCA4E5D007ADFEA /* .gitignore */ = {isa = PBXFileReference; lastKnownFileType = text; path = .gitignore; sourceTree = "<group>"; };
		115E81C72DC360DF00A02674 /* CatBreedDetailViewController.swift */ = {isa = PBXFileReference; lastKnownFileType = sourcecode.swift; path = CatBreedDetailViewController.swift; sourceTree = "<group>"; };
		115E81CB2DC375D600A02674 /* FavoriteController.swift */ = {isa = PBXFileReference; lastKnownFileType = sourcecode.swift; path = FavoriteController.swift; sourceTree = "<group>"; };
		1160556A2DF211CE001555FE /* AtributsModel.swift */ = {isa = PBXFileReference; lastKnownFileType = sourcecode.swift; path = AtributsModel.swift; sourceTree = "<group>"; };
		1160556C2DF2178E001555FE /* FavoritePresenter.swift */ = {isa = PBXFileReference; lastKnownFileType = sourcecode.swift; path = FavoritePresenter.swift; sourceTree = "<group>"; };
		1160556E2DF22847001555FE /* FavoriteManager.swift */ = {isa = PBXFileReference; lastKnownFileType = sourcecode.swift; path = FavoriteManager.swift; sourceTree = "<group>"; };
		116813F82DB6663F00463355 /* CatsAPI.app */ = {isa = PBXFileReference; explicitFileType = wrapper.application; includeInIndex = 0; path = CatsAPI.app; sourceTree = BUILT_PRODUCTS_DIR; };
		116814042DB6664000463355 /* Assets.xcassets */ = {isa = PBXFileReference; lastKnownFileType = folder.assetcatalog; path = Assets.xcassets; sourceTree = "<group>"; };
		116814072DB6664000463355 /* Base */ = {isa = PBXFileReference; lastKnownFileType = file.storyboard; name = Base; path = Base.lproj/Main.storyboard; sourceTree = "<group>"; };
		116814092DB6664000463355 /* Info.plist */ = {isa = PBXFileReference; lastKnownFileType = text.plist.xml; path = Info.plist; sourceTree = "<group>"; };
		1168140E2DB6664100463355 /* CatsAPITests.xctest */ = {isa = PBXFileReference; explicitFileType = wrapper.cfbundle; includeInIndex = 0; path = CatsAPITests.xctest; sourceTree = BUILT_PRODUCTS_DIR; };
		116814122DB6664100463355 /* CatsAPITests.swift */ = {isa = PBXFileReference; lastKnownFileType = sourcecode.swift; path = CatsAPITests.swift; sourceTree = "<group>"; };
		116814182DB6664100463355 /* CatsAPIUITests.xctest */ = {isa = PBXFileReference; explicitFileType = wrapper.cfbundle; includeInIndex = 0; path = CatsAPIUITests.xctest; sourceTree = BUILT_PRODUCTS_DIR; };
		1168141C2DB6664100463355 /* CatsAPIUITests.swift */ = {isa = PBXFileReference; lastKnownFileType = sourcecode.swift; path = CatsAPIUITests.swift; sourceTree = "<group>"; };
		1168141E2DB6664100463355 /* CatsAPIUITestsLaunchTests.swift */ = {isa = PBXFileReference; lastKnownFileType = sourcecode.swift; path = CatsAPIUITestsLaunchTests.swift; sourceTree = "<group>"; };
		1168142E2DB6670400463355 /* SceneDelegate.swift */ = {isa = PBXFileReference; fileEncoding = 4; lastKnownFileType = sourcecode.swift; path = SceneDelegate.swift; sourceTree = "<group>"; };
		116814302DB6670400463355 /* AppDelegate.swift */ = {isa = PBXFileReference; fileEncoding = 4; lastKnownFileType = sourcecode.swift; path = AppDelegate.swift; sourceTree = "<group>"; };
		116814312DB6670400463355 /* ImageDownloader.swift */ = {isa = PBXFileReference; fileEncoding = 4; lastKnownFileType = sourcecode.swift; path = ImageDownloader.swift; sourceTree = "<group>"; };
/* End PBXFileReference section */

/* Begin PBXFrameworksBuildPhase section */
		116813F52DB6663F00463355 /* Frameworks */ = {
			isa = PBXFrameworksBuildPhase;
			buildActionMask = 2147483647;
			files = (
			);
			runOnlyForDeploymentPostprocessing = 0;
		};
		1168140B2DB6664100463355 /* Frameworks */ = {
			isa = PBXFrameworksBuildPhase;
			buildActionMask = 2147483647;
			files = (
			);
			runOnlyForDeploymentPostprocessing = 0;
		};
		116814152DB6664100463355 /* Frameworks */ = {
			isa = PBXFrameworksBuildPhase;
			buildActionMask = 2147483647;
			files = (
			);
			runOnlyForDeploymentPostprocessing = 0;
		};
/* End PBXFrameworksBuildPhase section */

/* Begin PBXGroup section */
		111EB46D2DC93D0000E41692 /* Breeds */ = {
			isa = PBXGroup;
			children = (
				115E81C72DC360DF00A02674 /* CatBreedDetailViewController.swift */,
				111EB46E2DC93D5200E41692 /* AttributeCell.swift */,
				1160556A2DF211CE001555FE /* AtributsModel.swift */,
			);
			path = Breeds;
			sourceTree = "<group>";
		};
		115BC7DB2DB6B3E800808E79 /* CatList */ = {
			isa = PBXGroup;
			children = (
				115BC7DE2DB6B43700808E79 /* CatCell.swift */,
				115BC7E02DB6B45900808E79 /* CatListPresenter.swift */,
				115BC7E22DB6B47600808E79 /* CatListViewController.swift */,
			);
			path = CatList;
			sourceTree = "<group>";
		};
		115BC7E52DB6B4AF00808E79 /* model */ = {
			isa = PBXGroup;
			children = (
				115BC7EA2DB6B4EC00808E79 /* Requets */,
				115BC7EB2DB6B50300808E79 /* Responce */,
				115BC7E82DB6B4DD00808E79 /* NetworkManager.swift */,
				115BC7E62DB6B4C300808E79 /* Cat.swift */,
			);
			path = model;
			sourceTree = "<group>";
		};
		115BC7EA2DB6B4EC00808E79 /* Requets */ = {
			isa = PBXGroup;
			children = (
			);
			path = Requets;
			sourceTree = "<group>";
		};
		115BC7EB2DB6B50300808E79 /* Responce */ = {
			isa = PBXGroup;
			children = (
			);
			path = Responce;
			sourceTree = "<group>";
		};
		115E81CD2DC37B1000A02674 /* FavoriteCatList */ = {
			isa = PBXGroup;
			children = (
				115E81CB2DC375D600A02674 /* FavoriteController.swift */,
				1160556C2DF2178E001555FE /* FavoritePresenter.swift */,
				1160556E2DF22847001555FE /* FavoriteManager.swift */,
			);
			path = FavoriteCatList;
			sourceTree = "<group>";
		};
		116813EF2DB6663F00463355 = {
			isa = PBXGroup;
			children = (
				115C24182DCA4E5D007ADFEA /* .gitignore */,
				116813FA2DB6663F00463355 /* CatsAPI */,
				116814112DB6664100463355 /* CatsAPITests */,
				1168141B2DB6664100463355 /* CatsAPIUITests */,
				116813F92DB6663F00463355 /* Products */,
			);
			sourceTree = "<group>";
		};
		116813F92DB6663F00463355 /* Products */ = {
			isa = PBXGroup;
			children = (
				116813F82DB6663F00463355 /* CatsAPI.app */,
				1168140E2DB6664100463355 /* CatsAPITests.xctest */,
				116814182DB6664100463355 /* CatsAPIUITests.xctest */,
			);
			name = Products;
			sourceTree = "<group>";
		};
		116813FA2DB6663F00463355 /* CatsAPI */ = {
			isa = PBXGroup;
			children = (
				115BC7DB2DB6B3E800808E79 /* CatList */,
				115E81CD2DC37B1000A02674 /* FavoriteCatList */,
				111EB46D2DC93D0000E41692 /* Breeds */,
				115BC7E52DB6B4AF00808E79 /* model */,
				116814302DB6670400463355 /* AppDelegate.swift */,
				115C24142DCA2B8B007ADFEA /* MainViewController.swift */,
				116814312DB6670400463355 /* ImageDownloader.swift */,
				116814042DB6664000463355 /* Assets.xcassets */,
				116814092DB6664000463355 /* Info.plist */,
				116814062DB6664000463355 /* Main.storyboard */,
				1168142E2DB6670400463355 /* SceneDelegate.swift */,
			);
			path = CatsAPI;
			sourceTree = "<group>";
		};
		116814112DB6664100463355 /* CatsAPITests */ = {
			isa = PBXGroup;
			children = (
				116814122DB6664100463355 /* CatsAPITests.swift */,
			);
			path = CatsAPITests;
			sourceTree = "<group>";
		};
		1168141B2DB6664100463355 /* CatsAPIUITests */ = {
			isa = PBXGroup;
			children = (
				1168141C2DB6664100463355 /* CatsAPIUITests.swift */,
				1168141E2DB6664100463355 /* CatsAPIUITestsLaunchTests.swift */,
			);
			path = CatsAPIUITests;
			sourceTree = "<group>";
		};
/* End PBXGroup section */

/* Begin PBXNativeTarget section */
		116813F72DB6663F00463355 /* CatsAPI */ = {
			isa = PBXNativeTarget;
			buildConfigurationList = 116814222DB6664100463355 /* Build configuration list for PBXNativeTarget "CatsAPI" */;
			buildPhases = (
				116813F42DB6663F00463355 /* Sources */,
				116813F52DB6663F00463355 /* Frameworks */,
				116813F62DB6663F00463355 /* Resources */,
			);
			buildRules = (
			);
			dependencies = (
			);
			name = CatsAPI;
			productName = CatsAPI;
			productReference = 116813F82DB6663F00463355 /* CatsAPI.app */;
			productType = "com.apple.product-type.application";
		};
		1168140D2DB6664100463355 /* CatsAPITests */ = {
			isa = PBXNativeTarget;
			buildConfigurationList = 116814252DB6664100463355 /* Build configuration list for PBXNativeTarget "CatsAPITests" */;
			buildPhases = (
				1168140A2DB6664100463355 /* Sources */,
				1168140B2DB6664100463355 /* Frameworks */,
				1168140C2DB6664100463355 /* Resources */,
			);
			buildRules = (
			);
			dependencies = (
				116814102DB6664100463355 /* PBXTargetDependency */,
			);
			name = CatsAPITests;
			productName = CatsAPITests;
			productReference = 1168140E2DB6664100463355 /* CatsAPITests.xctest */;
			productType = "com.apple.product-type.bundle.unit-test";
		};
		116814172DB6664100463355 /* CatsAPIUITests */ = {
			isa = PBXNativeTarget;
			buildConfigurationList = 116814282DB6664100463355 /* Build configuration list for PBXNativeTarget "CatsAPIUITests" */;
			buildPhases = (
				116814142DB6664100463355 /* Sources */,
				116814152DB6664100463355 /* Frameworks */,
				116814162DB6664100463355 /* Resources */,
			);
			buildRules = (
			);
			dependencies = (
				1168141A2DB6664100463355 /* PBXTargetDependency */,
			);
			name = CatsAPIUITests;
			productName = CatsAPIUITests;
			productReference = 116814182DB6664100463355 /* CatsAPIUITests.xctest */;
			productType = "com.apple.product-type.bundle.ui-testing";
		};
/* End PBXNativeTarget section */

/* Begin PBXProject section */
		116813F02DB6663F00463355 /* Project object */ = {
			isa = PBXProject;
			attributes = {
				BuildIndependentTargetsInParallel = 1;
				LastSwiftUpdateCheck = 1320;
				LastUpgradeCheck = 1320;
				TargetAttributes = {
					116813F72DB6663F00463355 = {
						CreatedOnToolsVersion = 13.2;
						LastSwiftMigration = 1320;
					};
					1168140D2DB6664100463355 = {
						CreatedOnToolsVersion = 13.2;
						TestTargetID = 116813F72DB6663F00463355;
					};
					116814172DB6664100463355 = {
						CreatedOnToolsVersion = 13.2;
						TestTargetID = 116813F72DB6663F00463355;
					};
				};
			};
			buildConfigurationList = 116813F32DB6663F00463355 /* Build configuration list for PBXProject "CatsAPI" */;
			compatibilityVersion = "Xcode 13.0";
			developmentRegion = en;
			hasScannedForEncodings = 0;
			knownRegions = (
				en,
				Base,
			);
			mainGroup = 116813EF2DB6663F00463355;
			productRefGroup = 116813F92DB6663F00463355 /* Products */;
			projectDirPath = "";
			projectRoot = "";
			targets = (
				116813F72DB6663F00463355 /* CatsAPI */,
				1168140D2DB6664100463355 /* CatsAPITests */,
				116814172DB6664100463355 /* CatsAPIUITests */,
			);
		};
/* End PBXProject section */

/* Begin PBXResourcesBuildPhase section */
		116813F62DB6663F00463355 /* Resources */ = {
			isa = PBXResourcesBuildPhase;
			buildActionMask = 2147483647;
			files = (
				116814082DB6664000463355 /* Main.storyboard in Resources */,
				116814052DB6664000463355 /* Assets.xcassets in Resources */,
			);
			runOnlyForDeploymentPostprocessing = 0;
		};
		1168140C2DB6664100463355 /* Resources */ = {
			isa = PBXResourcesBuildPhase;
			buildActionMask = 2147483647;
			files = (
			);
			runOnlyForDeploymentPostprocessing = 0;
		};
		116814162DB6664100463355 /* Resources */ = {
			isa = PBXResourcesBuildPhase;
			buildActionMask = 2147483647;
			files = (
			);
			runOnlyForDeploymentPostprocessing = 0;
		};
/* End PBXResourcesBuildPhase section */

/* Begin PBXSourcesBuildPhase section */
		116813F42DB6663F00463355 /* Sources */ = {
			isa = PBXSourcesBuildPhase;
			buildActionMask = 2147483647;
			files = (
				115C24192DCA4E5D007ADFEA /* .gitignore in Sources */,
				115BC7DF2DB6B43700808E79 /* CatCell.swift in Sources */,
				115C24152DCA2B8B007ADFEA /* MainViewController.swift in Sources */,
				115BC7E72DB6B4C300808E79 /* Cat.swift in Sources */,
				115BC7DA2DB6B3D200808E79 /* AppDelegate.swift in Sources */,
				115BC7D92DB6B3CB00808E79 /* ImageDownloader.swift in Sources */,
				115BC7E92DB6B4DD00808E79 /* NetworkManager.swift in Sources */,
				115BC7E32DB6B47600808E79 /* CatListViewController.swift in Sources */,
				115BC7E12DB6B45900808E79 /* CatListPresenter.swift in Sources */,
				1160556D2DF2178E001555FE /* FavoritePresenter.swift in Sources */,
				115E81CC2DC375D600A02674 /* FavoriteController.swift in Sources */,
				1160556F2DF22847001555FE /* FavoriteManager.swift in Sources */,
				1160556B2DF211CE001555FE /* AtributsModel.swift in Sources */,
				115E81C82DC360DF00A02674 /* CatBreedDetailViewController.swift in Sources */,
				111EB46F2DC93D5200E41692 /* AttributeCell.swift in Sources */,
				115BC7D82DB6B3C300808E79 /* SceneDelegate.swift in Sources */,
			);
			runOnlyForDeploymentPostprocessing = 0;
		};
		1168140A2DB6664100463355 /* Sources */ = {
			isa = PBXSourcesBuildPhase;
			buildActionMask = 2147483647;
			files = (
				116814132DB6664100463355 /* CatsAPITests.swift in Sources */,
			);
			runOnlyForDeploymentPostprocessing = 0;
		};
		116814142DB6664100463355 /* Sources */ = {
			isa = PBXSourcesBuildPhase;
			buildActionMask = 2147483647;
			files = (
				1168141F2DB6664100463355 /* CatsAPIUITestsLaunchTests.swift in Sources */,
				1168141D2DB6664100463355 /* CatsAPIUITests.swift in Sources */,
			);
			runOnlyForDeploymentPostprocessing = 0;
		};
/* End PBXSourcesBuildPhase section */

/* Begin PBXTargetDependency section */
		116814102DB6664100463355 /* PBXTargetDependency */ = {
			isa = PBXTargetDependency;
			target = 116813F72DB6663F00463355 /* CatsAPI */;
			targetProxy = 1168140F2DB6664100463355 /* PBXContainerItemProxy */;
		};
		1168141A2DB6664100463355 /* PBXTargetDependency */ = {
			isa = PBXTargetDependency;
			target = 116813F72DB6663F00463355 /* CatsAPI */;
			targetProxy = 116814192DB6664100463355 /* PBXContainerItemProxy */;
		};
/* End PBXTargetDependency section */

/* Begin PBXVariantGroup section */
		116814062DB6664000463355 /* Main.storyboard */ = {
			isa = PBXVariantGroup;
			children = (
				116814072DB6664000463355 /* Base */,
			);
			name = Main.storyboard;
			sourceTree = "<group>";
		};
/* End PBXVariantGroup section */

/* Begin XCBuildConfiguration section */
		116814202DB6664100463355 /* Debug */ = {
			isa = XCBuildConfiguration;
			buildSettings = {
				ALWAYS_SEARCH_USER_PATHS = NO;
				CLANG_ANALYZER_NONNULL = YES;
				CLANG_ANALYZER_NUMBER_OBJECT_CONVERSION = YES_AGGRESSIVE;
				CLANG_CXX_LANGUAGE_STANDARD = "gnu++17";
				CLANG_CXX_LIBRARY = "libc++";
				CLANG_ENABLE_MODULES = YES;
				CLANG_ENABLE_OBJC_ARC = YES;
				CLANG_ENABLE_OBJC_WEAK = YES;
				CLANG_WARN_BLOCK_CAPTURE_AUTORELEASING = YES;
				CLANG_WARN_BOOL_CONVERSION = YES;
				CLANG_WARN_COMMA = YES;
				CLANG_WARN_CONSTANT_CONVERSION = YES;
				CLANG_WARN_DEPRECATED_OBJC_IMPLEMENTATIONS = YES;
				CLANG_WARN_DIRECT_OBJC_ISA_USAGE = YES_ERROR;
				CLANG_WARN_DOCUMENTATION_COMMENTS = YES;
				CLANG_WARN_EMPTY_BODY = YES;
				CLANG_WARN_ENUM_CONVERSION = YES;
				CLANG_WARN_INFINITE_RECURSION = YES;
				CLANG_WARN_INT_CONVERSION = YES;
				CLANG_WARN_NON_LITERAL_NULL_CONVERSION = YES;
				CLANG_WARN_OBJC_IMPLICIT_RETAIN_SELF = YES;
				CLANG_WARN_OBJC_LITERAL_CONVERSION = YES;
				CLANG_WARN_OBJC_ROOT_CLASS = YES_ERROR;
				CLANG_WARN_QUOTED_INCLUDE_IN_FRAMEWORK_HEADER = YES;
				CLANG_WARN_RANGE_LOOP_ANALYSIS = YES;
				CLANG_WARN_STRICT_PROTOTYPES = YES;
				CLANG_WARN_SUSPICIOUS_MOVE = YES;
				CLANG_WARN_UNGUARDED_AVAILABILITY = YES_AGGRESSIVE;
				CLANG_WARN_UNREACHABLE_CODE = YES;
				CLANG_WARN__DUPLICATE_METHOD_MATCH = YES;
				COPY_PHASE_STRIP = NO;
				DEBUG_INFORMATION_FORMAT = dwarf;
				ENABLE_STRICT_OBJC_MSGSEND = YES;
				ENABLE_TESTABILITY = YES;
				GCC_C_LANGUAGE_STANDARD = gnu11;
				GCC_DYNAMIC_NO_PIC = NO;
				GCC_NO_COMMON_BLOCKS = YES;
				GCC_OPTIMIZATION_LEVEL = 0;
				GCC_PREPROCESSOR_DEFINITIONS = (
					"DEBUG=1",
					"$(inherited)",
				);
				GCC_WARN_64_TO_32_BIT_CONVERSION = YES;
				GCC_WARN_ABOUT_RETURN_TYPE = YES_ERROR;
				GCC_WARN_UNDECLARED_SELECTOR = YES;
				GCC_WARN_UNINITIALIZED_AUTOS = YES_AGGRESSIVE;
				GCC_WARN_UNUSED_FUNCTION = YES;
				GCC_WARN_UNUSED_VARIABLE = YES;
				IPHONEOS_DEPLOYMENT_TARGET = 15.2;
				MTL_ENABLE_DEBUG_INFO = INCLUDE_SOURCE;
				MTL_FAST_MATH = YES;
				ONLY_ACTIVE_ARCH = YES;
				SDKROOT = iphoneos;
				SWIFT_ACTIVE_COMPILATION_CONDITIONS = DEBUG;
				SWIFT_OPTIMIZATION_LEVEL = "-Onone";
			};
			name = Debug;
		};
		116814212DB6664100463355 /* Release */ = {
			isa = XCBuildConfiguration;
			buildSettings = {
				ALWAYS_SEARCH_USER_PATHS = NO;
				CLANG_ANALYZER_NONNULL = YES;
				CLANG_ANALYZER_NUMBER_OBJECT_CONVERSION = YES_AGGRESSIVE;
				CLANG_CXX_LANGUAGE_STANDARD = "gnu++17";
				CLANG_CXX_LIBRARY = "libc++";
				CLANG_ENABLE_MODULES = YES;
				CLANG_ENABLE_OBJC_ARC = YES;
				CLANG_ENABLE_OBJC_WEAK = YES;
				CLANG_WARN_BLOCK_CAPTURE_AUTORELEASING = YES;
				CLANG_WARN_BOOL_CONVERSION = YES;
				CLANG_WARN_COMMA = YES;
				CLANG_WARN_CONSTANT_CONVERSION = YES;
				CLANG_WARN_DEPRECATED_OBJC_IMPLEMENTATIONS = YES;
				CLANG_WARN_DIRECT_OBJC_ISA_USAGE = YES_ERROR;
				CLANG_WARN_DOCUMENTATION_COMMENTS = YES;
				CLANG_WARN_EMPTY_BODY = YES;
				CLANG_WARN_ENUM_CONVERSION = YES;
				CLANG_WARN_INFINITE_RECURSION = YES;
				CLANG_WARN_INT_CONVERSION = YES;
				CLANG_WARN_NON_LITERAL_NULL_CONVERSION = YES;
				CLANG_WARN_OBJC_IMPLICIT_RETAIN_SELF = YES;
				CLANG_WARN_OBJC_LITERAL_CONVERSION = YES;
				CLANG_WARN_OBJC_ROOT_CLASS = YES_ERROR;
				CLANG_WARN_QUOTED_INCLUDE_IN_FRAMEWORK_HEADER = YES;
				CLANG_WARN_RANGE_LOOP_ANALYSIS = YES;
				CLANG_WARN_STRICT_PROTOTYPES = YES;
				CLANG_WARN_SUSPICIOUS_MOVE = YES;
				CLANG_WARN_UNGUARDED_AVAILABILITY = YES_AGGRESSIVE;
				CLANG_WARN_UNREACHABLE_CODE = YES;
				CLANG_WARN__DUPLICATE_METHOD_MATCH = YES;
				COPY_PHASE_STRIP = NO;
				DEBUG_INFORMATION_FORMAT = "dwarf-with-dsym";
				ENABLE_NS_ASSERTIONS = NO;
				ENABLE_STRICT_OBJC_MSGSEND = YES;
				GCC_C_LANGUAGE_STANDARD = gnu11;
				GCC_NO_COMMON_BLOCKS = YES;
				GCC_WARN_64_TO_32_BIT_CONVERSION = YES;
				GCC_WARN_ABOUT_RETURN_TYPE = YES_ERROR;
				GCC_WARN_UNDECLARED_SELECTOR = YES;
				GCC_WARN_UNINITIALIZED_AUTOS = YES_AGGRESSIVE;
				GCC_WARN_UNUSED_FUNCTION = YES;
				GCC_WARN_UNUSED_VARIABLE = YES;
				IPHONEOS_DEPLOYMENT_TARGET = 15.2;
				MTL_ENABLE_DEBUG_INFO = NO;
				MTL_FAST_MATH = YES;
				SDKROOT = iphoneos;
				SWIFT_COMPILATION_MODE = wholemodule;
				SWIFT_OPTIMIZATION_LEVEL = "-O";
				VALIDATE_PRODUCT = YES;
			};
			name = Release;
		};
		116814232DB6664100463355 /* Debug */ = {
			isa = XCBuildConfiguration;
			buildSettings = {
				ASSETCATALOG_COMPILER_APPICON_NAME = AppIcon;
				ASSETCATALOG_COMPILER_GLOBAL_ACCENT_COLOR_NAME = AccentColor;
				CLANG_ENABLE_MODULES = YES;
				CODE_SIGN_STYLE = Automatic;
				CURRENT_PROJECT_VERSION = 1;
				GENERATE_INFOPLIST_FILE = YES;
				INFOPLIST_FILE = CatsAPI/Info.plist;
				INFOPLIST_KEY_UIApplicationSupportsIndirectInputEvents = YES;
				INFOPLIST_KEY_UILaunchStoryboardName = LaunchScreen;
				INFOPLIST_KEY_UIMainStoryboardFile = Main;
				INFOPLIST_KEY_UISupportedInterfaceOrientations_iPad = "UIInterfaceOrientationPortrait UIInterfaceOrientationPortraitUpsideDown UIInterfaceOrientationLandscapeLeft UIInterfaceOrientationLandscapeRight";
				INFOPLIST_KEY_UISupportedInterfaceOrientations_iPhone = "UIInterfaceOrientationPortrait UIInterfaceOrientationLandscapeLeft UIInterfaceOrientationLandscapeRight";
				LD_RUNPATH_SEARCH_PATHS = (
					"$(inherited)",
					"@executable_path/Frameworks",
				);
				MARKETING_VERSION = 1.0;
				PRODUCT_BUNDLE_IDENTIFIER = com.Makotkin.CatsAPI;
				PRODUCT_NAME = "$(TARGET_NAME)";
				SWIFT_EMIT_LOC_STRINGS = YES;
				SWIFT_OBJC_BRIDGING_HEADER = "CatsAPI/CatsAPI-Bridging-Header.h";
				SWIFT_OPTIMIZATION_LEVEL = "-Onone";
				SWIFT_VERSION = 5.0;
				TARGETED_DEVICE_FAMILY = "1,2";
			};
			name = Debug;
		};
		116814242DB6664100463355 /* Release */ = {
			isa = XCBuildConfiguration;
			buildSettings = {
				ASSETCATALOG_COMPILER_APPICON_NAME = AppIcon;
				ASSETCATALOG_COMPILER_GLOBAL_ACCENT_COLOR_NAME = AccentColor;
				CLANG_ENABLE_MODULES = YES;
				CODE_SIGN_STYLE = Automatic;
				CURRENT_PROJECT_VERSION = 1;
				GENERATE_INFOPLIST_FILE = YES;
				INFOPLIST_FILE = CatsAPI/Info.plist;
				INFOPLIST_KEY_UIApplicationSupportsIndirectInputEvents = YES;
				INFOPLIST_KEY_UILaunchStoryboardName = LaunchScreen;
				INFOPLIST_KEY_UIMainStoryboardFile = Main;
				INFOPLIST_KEY_UISupportedInterfaceOrientations_iPad = "UIInterfaceOrientationPortrait UIInterfaceOrientationPortraitUpsideDown UIInterfaceOrientationLandscapeLeft UIInterfaceOrientationLandscapeRight";
				INFOPLIST_KEY_UISupportedInterfaceOrientations_iPhone = "UIInterfaceOrientationPortrait UIInterfaceOrientationLandscapeLeft UIInterfaceOrientationLandscapeRight";
				LD_RUNPATH_SEARCH_PATHS = (
					"$(inherited)",
					"@executable_path/Frameworks",
				);
				MARKETING_VERSION = 1.0;
				PRODUCT_BUNDLE_IDENTIFIER = com.Makotkin.CatsAPI;
				PRODUCT_NAME = "$(TARGET_NAME)";
				SWIFT_EMIT_LOC_STRINGS = YES;
				SWIFT_OBJC_BRIDGING_HEADER = "CatsAPI/CatsAPI-Bridging-Header.h";
				SWIFT_VERSION = 5.0;
				TARGETED_DEVICE_FAMILY = "1,2";
			};
			name = Release;
		};
		116814262DB6664100463355 /* Debug */ = {
			isa = XCBuildConfiguration;
			buildSettings = {
				ALWAYS_EMBED_SWIFT_STANDARD_LIBRARIES = YES;
				BUNDLE_LOADER = "$(TEST_HOST)";
				CODE_SIGN_STYLE = Automatic;
				CURRENT_PROJECT_VERSION = 1;
				GENERATE_INFOPLIST_FILE = YES;
				IPHONEOS_DEPLOYMENT_TARGET = 15.2;
				MARKETING_VERSION = 1.0;
				PRODUCT_BUNDLE_IDENTIFIER = com.Makotkin.CatsAPITests;
				PRODUCT_NAME = "$(TARGET_NAME)";
				SWIFT_EMIT_LOC_STRINGS = NO;
				SWIFT_VERSION = 5.0;
				TARGETED_DEVICE_FAMILY = "1,2";
				TEST_HOST = "$(BUILT_PRODUCTS_DIR)/CatsAPI.app/CatsAPI";
			};
			name = Debug;
		};
		116814272DB6664100463355 /* Release */ = {
			isa = XCBuildConfiguration;
			buildSettings = {
				ALWAYS_EMBED_SWIFT_STANDARD_LIBRARIES = YES;
				BUNDLE_LOADER = "$(TEST_HOST)";
				CODE_SIGN_STYLE = Automatic;
				CURRENT_PROJECT_VERSION = 1;
				GENERATE_INFOPLIST_FILE = YES;
				IPHONEOS_DEPLOYMENT_TARGET = 15.2;
				MARKETING_VERSION = 1.0;
				PRODUCT_BUNDLE_IDENTIFIER = com.Makotkin.CatsAPITests;
				PRODUCT_NAME = "$(TARGET_NAME)";
				SWIFT_EMIT_LOC_STRINGS = NO;
				SWIFT_VERSION = 5.0;
				TARGETED_DEVICE_FAMILY = "1,2";
				TEST_HOST = "$(BUILT_PRODUCTS_DIR)/CatsAPI.app/CatsAPI";
			};
			name = Release;
		};
		116814292DB6664100463355 /* Debug */ = {
			isa = XCBuildConfiguration;
			buildSettings = {
				ALWAYS_EMBED_SWIFT_STANDARD_LIBRARIES = YES;
				CODE_SIGN_STYLE = Automatic;
				CURRENT_PROJECT_VERSION = 1;
				GENERATE_INFOPLIST_FILE = YES;
				MARKETING_VERSION = 1.0;
				PRODUCT_BUNDLE_IDENTIFIER = com.Makotkin.CatsAPIUITests;
				PRODUCT_NAME = "$(TARGET_NAME)";
				SWIFT_EMIT_LOC_STRINGS = NO;
				SWIFT_VERSION = 5.0;
				TARGETED_DEVICE_FAMILY = "1,2";
				TEST_TARGET_NAME = CatsAPI;
			};
			name = Debug;
		};
		1168142A2DB6664100463355 /* Release */ = {
			isa = XCBuildConfiguration;
			buildSettings = {
				ALWAYS_EMBED_SWIFT_STANDARD_LIBRARIES = YES;
				CODE_SIGN_STYLE = Automatic;
				CURRENT_PROJECT_VERSION = 1;
				GENERATE_INFOPLIST_FILE = YES;
				MARKETING_VERSION = 1.0;
				PRODUCT_BUNDLE_IDENTIFIER = com.Makotkin.CatsAPIUITests;
				PRODUCT_NAME = "$(TARGET_NAME)";
				SWIFT_EMIT_LOC_STRINGS = NO;
				SWIFT_VERSION = 5.0;
				TARGETED_DEVICE_FAMILY = "1,2";
				TEST_TARGET_NAME = CatsAPI;
			};
			name = Release;
		};
/* End XCBuildConfiguration section */

/* Begin XCConfigurationList section */
		116813F32DB6663F00463355 /* Build configuration list for PBXProject "CatsAPI" */ = {
			isa = XCConfigurationList;
			buildConfigurations = (
				116814202DB6664100463355 /* Debug */,
				116814212DB6664100463355 /* Release */,
			);
			defaultConfigurationIsVisible = 0;
			defaultConfigurationName = Release;
		};
		116814222DB6664100463355 /* Build configuration list for PBXNativeTarget "CatsAPI" */ = {
			isa = XCConfigurationList;
			buildConfigurations = (
				116814232DB6664100463355 /* Debug */,
				116814242DB6664100463355 /* Release */,
			);
			defaultConfigurationIsVisible = 0;
			defaultConfigurationName = Release;
		};
		116814252DB6664100463355 /* Build configuration list for PBXNativeTarget "CatsAPITests" */ = {
			isa = XCConfigurationList;
			buildConfigurations = (
				116814262DB6664100463355 /* Debug */,
				116814272DB6664100463355 /* Release */,
			);
			defaultConfigurationIsVisible = 0;
			defaultConfigurationName = Release;
		};
		116814282DB6664100463355 /* Build configuration list for PBXNativeTarget "CatsAPIUITests" */ = {
			isa = XCConfigurationList;
			buildConfigurations = (
				116814292DB6664100463355 /* Debug */,
				1168142A2DB6664100463355 /* Release */,
			);
			defaultConfigurationIsVisible = 0;
			defaultConfigurationName = Release;
		};
/* End XCConfigurationList section */
	};
	rootObject = 116813F02DB6663F00463355 /* Project object */;
}
